# This file is generated by running "yarn install" inside your project.
# Manual changes might be lost - proceed with caution!

__metadata:
  version: 8
  cacheKey: 10c0

"@mongodb-js/saslprep@npm:^1.1.0":
  version: 1.1.4
  resolution: "@mongodb-js/saslprep@npm:1.1.4"
  dependencies:
    sparse-bitfield: "npm:^3.0.3"
  checksum: 10c0/652ff946e453d509f11da29274c1a1cbb73a15c0693bc5057ee42d84c41d9d06bf0c6e37cd879cfe33cbf8c62792c701d9827bcc76b75c8369e5e93325c3821a
  languageName: node
  linkType: hard

"@types/webidl-conversions@npm:*":
  version: 7.0.3
  resolution: "@types/webidl-conversions@npm:7.0.3"
  checksum: 10c0/ac2ccff93b95ac7c8ca73dc6064403181691bba7ea144296f462dc9108a07be16cbad7b9c704b3df706dcc5a117e1f7bf7fb27aeb75b09c0f3148de8aee11aff
  languageName: node
  linkType: hard

"@types/whatwg-url@npm:^11.0.2":
  version: 11.0.4
  resolution: "@types/whatwg-url@npm:11.0.4"
  dependencies:
    "@types/webidl-conversions": "npm:*"
  checksum: 10c0/a5c0ac8610af619202de4a0d7fd1139b763168164ad5fc4d190eb0d7131b014ebfb71aee9e272dcd77a08dfbb54c6c517e59e1668f016d38313763b85810ffaa
  languageName: node
  linkType: hard

"accepts@npm:~1.3.7":
  version: 1.3.8
  resolution: "accepts@npm:1.3.8"
  dependencies:
    mime-types: "npm:~2.1.34"
    negotiator: "npm:0.6.3"
  checksum: 10c0/3a35c5f5586cfb9a21163ca47a5f77ac34fa8ceb5d17d2fa2c0d81f41cbd7f8c6fa52c77e2c039acc0f4d09e71abdc51144246900f6bef5e3c4b333f77d89362
  languageName: node
  linkType: hard

"array-flatten@npm:1.1.1":
  version: 1.1.1
  resolution: "array-flatten@npm:1.1.1"
  checksum: 10c0/806966c8abb2f858b08f5324d9d18d7737480610f3bd5d3498aaae6eb5efdc501a884ba019c9b4a8f02ff67002058749d05548fd42fa8643f02c9c7f22198b91
  languageName: node
  linkType: hard

"body-parser@npm:1.19.0":
  version: 1.19.0
  resolution: "body-parser@npm:1.19.0"
  dependencies:
    bytes: "npm:3.1.0"
    content-type: "npm:~1.0.4"
    debug: "npm:2.6.9"
    depd: "npm:~1.1.2"
    http-errors: "npm:1.7.2"
    iconv-lite: "npm:0.4.24"
    on-finished: "npm:~2.3.0"
    qs: "npm:6.7.0"
    raw-body: "npm:2.4.0"
    type-is: "npm:~1.6.17"
  checksum: 10c0/df97c94a16495db166dba4c7812a43ba800ea252a76a1de80be944e2b884b808897febb920880c30089ac01f74f9118ca589402294c0ea5e2075488e4f91dc09
  languageName: node
  linkType: hard

"bson@npm:^6.2.0":
  version: 6.2.0
  resolution: "bson@npm:6.2.0"
  checksum: 10c0/90f447dbafc97cf84cadcb75fa0fe1eecdcb396492ce3d47b1fbf2e6e2ce88bfcf92d62e491e1a70c2fc4a1bf7825d6ce53ba75ed3359c772c41b93ff84db410
  languageName: node
  linkType: hard

"bytes@npm:3.1.0":
  version: 3.1.0
  resolution: "bytes@npm:3.1.0"
  checksum: 10c0/7034f475b006b9a8a37c7ecaa0947d0be181feb6d3d5231984e4c14e01c587a47e0fe85f66c630689fa6a046cfa498b6891f5af8022357e52db09365f1dfb625
  languageName: node
  linkType: hard

"content-disposition@npm:0.5.3":
  version: 0.5.3
  resolution: "content-disposition@npm:0.5.3"
  dependencies:
    safe-buffer: "npm:5.1.2"
  checksum: 10c0/988f131fedb2b79002337b5480951cc73f86e876b3e7feb6617b92e40a01f633db6f4c7765d486c02b468890465b2df96b7652b7e39caf22cc63517cf2e99839
  languageName: node
  linkType: hard

"content-type@npm:~1.0.4":
  version: 1.0.5
  resolution: "content-type@npm:1.0.5"
  checksum: 10c0/b76ebed15c000aee4678c3707e0860cb6abd4e680a598c0a26e17f0bfae723ec9cc2802f0ff1bc6e4d80603719010431d2231018373d4dde10f9ccff9dadf5af
  languageName: node
  linkType: hard

"cookie-signature@npm:1.0.6":
  version: 1.0.6
  resolution: "cookie-signature@npm:1.0.6"
  checksum: 10c0/b36fd0d4e3fef8456915fcf7742e58fbfcc12a17a018e0eb9501c9d5ef6893b596466f03b0564b81af29ff2538fd0aa4b9d54fe5ccbfb4c90ea50ad29fe2d221
  languageName: node
  linkType: hard

"cookie@npm:0.4.0":
  version: 0.4.0
  resolution: "cookie@npm:0.4.0"
  checksum: 10c0/71508a1c8a4e97bb88f42635542ef24ebe7e713f82573ac61e9b289616334d14bfb28210d7979d9ada24b0254f5fb563af938cac13bc8c0c3f60f47a2257f791
  languageName: node
  linkType: hard

"cors@npm:2.8.5":
  version: 2.8.5
  resolution: "cors@npm:2.8.5"
  dependencies:
    object-assign: "npm:^4"
    vary: "npm:^1"
  checksum: 10c0/373702b7999409922da80de4a61938aabba6929aea5b6fd9096fefb9e8342f626c0ebd7507b0e8b0b311380744cc985f27edebc0a26e0ddb784b54e1085de761
  languageName: node
  linkType: hard

"debug@npm:2.6.9":
  version: 2.6.9
  resolution: "debug@npm:2.6.9"
  dependencies:
    ms: "npm:2.0.0"
  checksum: 10c0/121908fb839f7801180b69a7e218a40b5a0b718813b886b7d6bdb82001b931c938e2941d1e4450f33a1b1df1da653f5f7a0440c197f29fbf8a6e9d45ff6ef589
  languageName: node
  linkType: hard

"debug@npm:4.x":
  version: 4.3.4
  resolution: "debug@npm:4.3.4"
  dependencies:
    ms: "npm:2.1.2"
  peerDependenciesMeta:
    supports-color:
      optional: true
  checksum: 10c0/cedbec45298dd5c501d01b92b119cd3faebe5438c3917ff11ae1bff86a6c722930ac9c8659792824013168ba6db7c4668225d845c633fbdafbbf902a6389f736
  languageName: node
  linkType: hard

"depd@npm:~1.1.2":
  version: 1.1.2
  resolution: "depd@npm:1.1.2"
  checksum: 10c0/acb24aaf936ef9a227b6be6d495f0d2eb20108a9a6ad40585c5bda1a897031512fef6484e4fdbb80bd249fdaa82841fa1039f416ece03188e677ba11bcfda249
  languageName: node
  linkType: hard

"destroy@npm:~1.0.4":
  version: 1.0.4
  resolution: "destroy@npm:1.0.4"
  checksum: 10c0/eab493808ba17a1fa22c71ef1a4e68d2c4c5222a38040606c966d2ab09117f3a7f3e05c39bffbe41a697f9de552039e43c30e46f0c3eab3faa9f82e800e172a0
  languageName: node
  linkType: hard

"ee-first@npm:1.1.1":
  version: 1.1.1
  resolution: "ee-first@npm:1.1.1"
  checksum: 10c0/b5bb125ee93161bc16bfe6e56c6b04de5ad2aa44234d8f644813cc95d861a6910903132b05093706de2b706599367c4130eb6d170f6b46895686b95f87d017b7
  languageName: node
  linkType: hard

"encodeurl@npm:~1.0.2":
  version: 1.0.2
  resolution: "encodeurl@npm:1.0.2"
  checksum: 10c0/f6c2387379a9e7c1156c1c3d4f9cb7bb11cf16dd4c1682e1f6746512564b053df5781029b6061296832b59fb22f459dbe250386d217c2f6e203601abb2ee0bec
  languageName: node
  linkType: hard

"escape-html@npm:~1.0.3":
  version: 1.0.3
  resolution: "escape-html@npm:1.0.3"
  checksum: 10c0/524c739d776b36c3d29fa08a22e03e8824e3b2fd57500e5e44ecf3cc4707c34c60f9ca0781c0e33d191f2991161504c295e98f68c78fe7baa6e57081ec6ac0a3
  languageName: node
  linkType: hard

"etag@npm:~1.8.1":
  version: 1.8.1
  resolution: "etag@npm:1.8.1"
  checksum: 10c0/12be11ef62fb9817314d790089a0a49fae4e1b50594135dcb8076312b7d7e470884b5100d249b28c18581b7fd52f8b485689ffae22a11ed9ec17377a33a08f84
  languageName: node
  linkType: hard

"express-rate-limit@npm:5.1.3":
  version: 5.1.3
  resolution: "express-rate-limit@npm:5.1.3"
  checksum: 10c0/c88aacbb86d4634ed862de92cfc1e0c0cbb4f6b1253155c0272125754afec0d2ca2974ddd7a7c79e67eaa9c0a25b295ffe41a709088ccdbc9f1cab16453cc72d
  languageName: node
  linkType: hard

"express@npm:4.17.1":
  version: 4.17.1
  resolution: "express@npm:4.17.1"
  dependencies:
    accepts: "npm:~1.3.7"
    array-flatten: "npm:1.1.1"
    body-parser: "npm:1.19.0"
    content-disposition: "npm:0.5.3"
    content-type: "npm:~1.0.4"
    cookie: "npm:0.4.0"
    cookie-signature: "npm:1.0.6"
    debug: "npm:2.6.9"
    depd: "npm:~1.1.2"
    encodeurl: "npm:~1.0.2"
    escape-html: "npm:~1.0.3"
    etag: "npm:~1.8.1"
    finalhandler: "npm:~1.1.2"
    fresh: "npm:0.5.2"
    merge-descriptors: "npm:1.0.1"
    methods: "npm:~1.1.2"
    on-finished: "npm:~2.3.0"
    parseurl: "npm:~1.3.3"
    path-to-regexp: "npm:0.1.7"
    proxy-addr: "npm:~2.0.5"
    qs: "npm:6.7.0"
    range-parser: "npm:~1.2.1"
    safe-buffer: "npm:5.1.2"
    send: "npm:0.17.1"
    serve-static: "npm:1.14.1"
    setprototypeof: "npm:1.1.1"
    statuses: "npm:~1.5.0"
    type-is: "npm:~1.6.18"
    utils-merge: "npm:1.0.1"
    vary: "npm:~1.1.2"
  checksum: 10c0/17bbe941cb98167d54d24f1b1f252e9e1757ad036b0ba7a836c51d3f1a7bf329ccbf72739d214599818ccec91115b7c5b87ad2d2a006e20142310af4d7c6f7bf
  languageName: node
  linkType: hard

"finalhandler@npm:~1.1.2":
  version: 1.1.2
  resolution: "finalhandler@npm:1.1.2"
  dependencies:
    debug: "npm:2.6.9"
    encodeurl: "npm:~1.0.2"
    escape-html: "npm:~1.0.3"
    on-finished: "npm:~2.3.0"
    parseurl: "npm:~1.3.3"
    statuses: "npm:~1.5.0"
    unpipe: "npm:~1.0.0"
  checksum: 10c0/6a96e1f5caab085628c11d9fdceb82ba608d5e426c6913d4d918409baa271037a47f28fbba73279e8ad614f0b8fa71ea791d265e408d760793829edd8c2f4584
  languageName: node
  linkType: hard

"forwarded@npm:0.2.0":
  version: 0.2.0
  resolution: "forwarded@npm:0.2.0"
  checksum: 10c0/9b67c3fac86acdbc9ae47ba1ddd5f2f81526fa4c8226863ede5600a3f7c7416ef451f6f1e240a3cc32d0fd79fcfe6beb08fd0da454f360032bde70bf80afbb33
  languageName: node
  linkType: hard

"fresh@npm:0.5.2":
  version: 0.5.2
  resolution: "fresh@npm:0.5.2"
  checksum: 10c0/c6d27f3ed86cc5b601404822f31c900dd165ba63fff8152a3ef714e2012e7535027063bc67ded4cb5b3a49fa596495d46cacd9f47d6328459cf570f08b7d9e5a
  languageName: node
  linkType: hard

"http-errors@npm:1.7.2":
  version: 1.7.2
  resolution: "http-errors@npm:1.7.2"
  dependencies:
    depd: "npm:~1.1.2"
    inherits: "npm:2.0.3"
    setprototypeof: "npm:1.1.1"
    statuses: "npm:>= 1.5.0 < 2"
    toidentifier: "npm:1.0.0"
  checksum: 10c0/49d3b2d52ee4bb24110fb4cff13a52e960501f63803d99bf50b6f93825335eab85bfd4809a90b5a5432ed13efe06c3979553a7a967cd196db1b0e23056068365
  languageName: node
  linkType: hard

"http-errors@npm:~1.7.2":
  version: 1.7.3
  resolution: "http-errors@npm:1.7.3"
  dependencies:
    depd: "npm:~1.1.2"
    inherits: "npm:2.0.4"
    setprototypeof: "npm:1.1.1"
    statuses: "npm:>= 1.5.0 < 2"
    toidentifier: "npm:1.0.0"
  checksum: 10c0/5c3443c340d35b2f18ce908266c4ae93305b7d900bef765ac8dc56fa90125b9fe18a1ed9ebf6af23dc3ba7763731921a2682bf968e199eccf383eb8f508be6c2
  languageName: node
  linkType: hard

"iconv-lite@npm:0.4.24":
  version: 0.4.24
  resolution: "iconv-lite@npm:0.4.24"
  dependencies:
    safer-buffer: "npm:>= 2.1.2 < 3"
  checksum: 10c0/c6886a24cc00f2a059767440ec1bc00d334a89f250db8e0f7feb4961c8727118457e27c495ba94d082e51d3baca378726cd110aaf7ded8b9bbfd6a44760cf1d4
  languageName: node
  linkType: hard

"inherits@npm:2.0.3":
  version: 2.0.3
  resolution: "inherits@npm:2.0.3"
  checksum: 10c0/6e56402373149ea076a434072671f9982f5fad030c7662be0332122fe6c0fa490acb3cc1010d90b6eff8d640b1167d77674add52dfd1bb85d545cf29e80e73e7
  languageName: node
  linkType: hard

"inherits@npm:2.0.4":
  version: 2.0.4
  resolution: "inherits@npm:2.0.4"
  checksum: 10c0/4e531f648b29039fb7426fb94075e6545faa1eb9fe83c29f0b6d9e7263aceb4289d2d4557db0d428188eeb449cc7c5e77b0a0b2c4e248ff2a65933a0dee49ef2
  languageName: node
  linkType: hard

"ipaddr.js@npm:1.9.1":
  version: 1.9.1
  resolution: "ipaddr.js@npm:1.9.1"
  checksum: 10c0/0486e775047971d3fdb5fb4f063829bac45af299ae0b82dcf3afa2145338e08290563a2a70f34b732d795ecc8311902e541a8530eeb30d75860a78ff4e94ce2a
  languageName: node
  linkType: hard

"kareem@npm:2.5.1":
  version: 2.5.1
  resolution: "kareem@npm:2.5.1"
  checksum: 10c0/30c6b9a39556d69108cac7cf7f87ca8c9f79d37ac58f2224e18d5e5b21191bbfbacee2070064f3c887bc00229d88b8bc728bcc98b07306edeaba85880f100b24
  languageName: node
  linkType: hard

"media-typer@npm:0.3.0":
  version: 0.3.0
  resolution: "media-typer@npm:0.3.0"
  checksum: 10c0/d160f31246907e79fed398470285f21bafb45a62869dc469b1c8877f3f064f5eabc4bcc122f9479b8b605bc5c76187d7871cf84c4ee3ecd3e487da1993279928
  languageName: node
  linkType: hard

"memory-pager@npm:^1.0.2":
  version: 1.5.0
  resolution: "memory-pager@npm:1.5.0"
  checksum: 10c0/2596e80c99fee24f05bd8a20cde2ee899012c996f4ec361ac76ed6f009f34149d733ac6f76880106ccd6a66d062ad439357578d383d429df66ba1278f68806e9
  languageName: node
  linkType: hard

"merge-descriptors@npm:1.0.1":
  version: 1.0.1
  resolution: "merge-descriptors@npm:1.0.1"
  checksum: 10c0/b67d07bd44cfc45cebdec349bb6e1f7b077ee2fd5beb15d1f7af073849208cb6f144fe403e29a36571baf3f4e86469ac39acf13c318381e958e186b2766f54ec
  languageName: node
  linkType: hard

"methods@npm:~1.1.2":
  version: 1.1.2
  resolution: "methods@npm:1.1.2"
  checksum: 10c0/bdf7cc72ff0a33e3eede03708c08983c4d7a173f91348b4b1e4f47d4cdbf734433ad971e7d1e8c77247d9e5cd8adb81ea4c67b0a2db526b758b2233d7814b8b2
  languageName: node
  linkType: hard

"mime-db@npm:1.52.0":
  version: 1.52.0
  resolution: "mime-db@npm:1.52.0"
  checksum: 10c0/0557a01deebf45ac5f5777fe7740b2a5c309c6d62d40ceab4e23da9f821899ce7a900b7ac8157d4548ddbb7beffe9abc621250e6d182b0397ec7f10c7b91a5aa
  languageName: node
  linkType: hard

"mime-types@npm:~2.1.24, mime-types@npm:~2.1.34":
  version: 2.1.35
  resolution: "mime-types@npm:2.1.35"
  dependencies:
    mime-db: "npm:1.52.0"
  checksum: 10c0/82fb07ec56d8ff1fc999a84f2f217aa46cb6ed1033fefaabd5785b9a974ed225c90dc72fff460259e66b95b73648596dbcc50d51ed69cdf464af2d237d3149b2
  languageName: node
  linkType: hard

"mime@npm:1.6.0":
  version: 1.6.0
  resolution: "mime@npm:1.6.0"
  bin:
    mime: cli.js
  checksum: 10c0/b92cd0adc44888c7135a185bfd0dddc42c32606401c72896a842ae15da71eb88858f17669af41e498b463cd7eb998f7b48939a25b08374c7924a9c8a6f8a81b0
  languageName: node
  linkType: hard

"mongodb-connection-string-url@npm:^3.0.0":
  version: 3.0.0
  resolution: "mongodb-connection-string-url@npm:3.0.0"
  dependencies:
    "@types/whatwg-url": "npm:^11.0.2"
    whatwg-url: "npm:^13.0.0"
  checksum: 10c0/f2b779f51869da20b2ba2af5157a1d04376be938241fee741c0a0572ecbbd4c97f169fb2b33d19eec5c9537e0d9a6c48e6d4cc8cc3b6b330ab57159760f6a4cf
  languageName: node
  linkType: hard

"mongodb@npm:6.3.0":
  version: 6.3.0
  resolution: "mongodb@npm:6.3.0"
  dependencies:
    "@mongodb-js/saslprep": "npm:^1.1.0"
    bson: "npm:^6.2.0"
    mongodb-connection-string-url: "npm:^3.0.0"
  peerDependencies:
    "@aws-sdk/credential-providers": ^3.188.0
    "@mongodb-js/zstd": ^1.1.0
    gcp-metadata: ^5.2.0
    kerberos: ^2.0.1
    mongodb-client-encryption: ">=6.0.0 <7"
    snappy: ^7.2.2
    socks: ^2.7.1
  peerDependenciesMeta:
    "@aws-sdk/credential-providers":
      optional: true
    "@mongodb-js/zstd":
      optional: true
    gcp-metadata:
      optional: true
    kerberos:
      optional: true
    mongodb-client-encryption:
      optional: true
    snappy:
      optional: true
    socks:
      optional: true
  checksum: 10c0/e846c941b739c503b34c02500db56f966fdb8930420db24214d4305ac987415464ebc9eefaf5da1ffb7521844fc733177433b4cc7ba43c423f55eed4f2670cfe
  languageName: node
  linkType: hard

"mongoose@npm:8.1.1":
  version: 8.1.1
  resolution: "mongoose@npm:8.1.1"
  dependencies:
    bson: "npm:^6.2.0"
    kareem: "npm:2.5.1"
    mongodb: "npm:6.3.0"
    mpath: "npm:0.9.0"
    mquery: "npm:5.0.0"
    ms: "npm:2.1.3"
    sift: "npm:16.0.1"
  checksum: 10c0/4fb367e4a04e2e827fa9deba32ae7d323636edbd19eb4084f7300e064b40a15bfa4228fcf650c8e69e0e03333ed3826740e973b8b4956095b7fa942fa65d67aa
  languageName: node
  linkType: hard

"mpath@npm:0.9.0":
  version: 0.9.0
  resolution: "mpath@npm:0.9.0"
  checksum: 10c0/ac1a77ebbd44567f122fb3026c9647836215d5bb75b54064d1f3d998125644fe7a775b89441b94d4d60f43ad9638a12d830a9e29f36116e93b8cdfd111816e8f
  languageName: node
  linkType: hard

"mquery@npm:5.0.0":
  version: 5.0.0
  resolution: "mquery@npm:5.0.0"
  dependencies:
    debug: "npm:4.x"
  checksum: 10c0/65b8a92d3b23d9bd1a3d149c3cbd09468e5e5b95d6cff73c1ed2d0a3dc8dce7daa538862ca2a477bf99bbb2197b049becb73d9664b0f7c3dd5472fcd5cb34bca
  languageName: node
  linkType: hard

"ms@npm:2.0.0":
  version: 2.0.0
  resolution: "ms@npm:2.0.0"
  checksum: 10c0/f8fda810b39fd7255bbdc451c46286e549794fcc700dc9cd1d25658bbc4dc2563a5de6fe7c60f798a16a60c6ceb53f033cb353f493f0cf63e5199b702943159d
  languageName: node
  linkType: hard

"ms@npm:2.1.1":
  version: 2.1.1
  resolution: "ms@npm:2.1.1"
  checksum: 10c0/056140c631e740369fa21142417aba1bd629ab912334715216c666eb681c8f015c622dd4e38bc1d836b30852b05641331661703af13a0397eb0ca420fc1e75d9
  languageName: node
  linkType: hard

"ms@npm:2.1.2":
  version: 2.1.2
  resolution: "ms@npm:2.1.2"
  checksum: 10c0/a437714e2f90dbf881b5191d35a6db792efbca5badf112f87b9e1c712aace4b4b9b742dd6537f3edf90fd6f684de897cec230abde57e87883766712ddda297cc
  languageName: node
  linkType: hard

"ms@npm:2.1.3":
  version: 2.1.3
  resolution: "ms@npm:2.1.3"
  checksum: 10c0/d924b57e7312b3b63ad21fc5b3dc0af5e78d61a1fc7cfb5457edaf26326bf62be5307cc87ffb6862ef1c2b33b0233cdb5d4f01c4c958cc0d660948b65a287a48
  languageName: node
  linkType: hard

"negotiator@npm:0.6.3":
  version: 0.6.3
  resolution: "negotiator@npm:0.6.3"
  checksum: 10c0/3ec9fd413e7bf071c937ae60d572bc67155262068ed522cf4b3be5edbe6ddf67d095ec03a3a14ebf8fc8e95f8e1d61be4869db0dbb0de696f6b837358bd43fc2
  languageName: node
  linkType: hard

"object-assign@npm:^4":
  version: 4.1.1
  resolution: "object-assign@npm:4.1.1"
  checksum: 10c0/1f4df9945120325d041ccf7b86f31e8bcc14e73d29171e37a7903050e96b81323784ec59f93f102ec635bcf6fa8034ba3ea0a8c7e69fa202b87ae3b6cec5a414
  languageName: node
  linkType: hard

"on-finished@npm:~2.3.0":
  version: 2.3.0
  resolution: "on-finished@npm:2.3.0"
  dependencies:
    ee-first: "npm:1.1.1"
  checksum: 10c0/c904f9e518b11941eb60279a3cbfaf1289bd0001f600a950255b1dede9fe3df8cd74f38483550b3bb9485165166acb5db500c3b4c4337aec2815c88c96fcc2ea
  languageName: node
  linkType: hard

"parseurl@npm:~1.3.3":
  version: 1.3.3
  resolution: "parseurl@npm:1.3.3"
  checksum: 10c0/90dd4760d6f6174adb9f20cf0965ae12e23879b5f5464f38e92fce8073354341e4b3b76fa3d878351efe7d01e617121955284cfd002ab087fba1a0726ec0b4f5
  languageName: node
  linkType: hard

"path-to-regexp@npm:0.1.7":
  version: 0.1.7
  resolution: "path-to-regexp@npm:0.1.7"
  checksum: 10c0/50a1ddb1af41a9e68bd67ca8e331a705899d16fb720a1ea3a41e310480948387daf603abb14d7b0826c58f10146d49050a1291ba6a82b78a382d1c02c0b8f905
  languageName: node
  linkType: hard

"proxy-addr@npm:~2.0.5":
  version: 2.0.7
  resolution: "proxy-addr@npm:2.0.7"
  dependencies:
    forwarded: "npm:0.2.0"
    ipaddr.js: "npm:1.9.1"
  checksum: 10c0/c3eed999781a35f7fd935f398b6d8920b6fb00bbc14287bc6de78128ccc1a02c89b95b56742bf7cf0362cc333c61d138532049c7dedc7a328ef13343eff81210
  languageName: node
  linkType: hard

"punycode@npm:^2.3.0":
  version: 2.3.1
  resolution: "punycode@npm:2.3.1"
  checksum: 10c0/14f76a8206bc3464f794fb2e3d3cc665ae416c01893ad7a02b23766eb07159144ee612ad67af5e84fa4479ccfe67678c4feb126b0485651b302babf66f04f9e9
  languageName: node
  linkType: hard

"qs@npm:6.7.0":
  version: 6.7.0
  resolution: "qs@npm:6.7.0"
  checksum: 10c0/04e6934d8cfa4f352e5bf5fe16eeed75dccad16d1e03b53ece849839b7439940f0df8bf0bc4750306d65baf95ebe165315f61122067e33bfee7b7ef4e3945813
  languageName: node
  linkType: hard

"range-parser@npm:~1.2.1":
  version: 1.2.1
  resolution: "range-parser@npm:1.2.1"
  checksum: 10c0/96c032ac2475c8027b7a4e9fe22dc0dfe0f6d90b85e496e0f016fbdb99d6d066de0112e680805075bd989905e2123b3b3d002765149294dce0c1f7f01fcc2ea0
  languageName: node
  linkType: hard

"raw-body@npm:2.4.0":
  version: 2.4.0
  resolution: "raw-body@npm:2.4.0"
  dependencies:
    bytes: "npm:3.1.0"
    http-errors: "npm:1.7.2"
    iconv-lite: "npm:0.4.24"
    unpipe: "npm:1.0.0"
  checksum: 10c0/c7ff86d9d4a91f0d9ab3e2eb45b2197d2534e0f24fded16989085fe71207539f63100a6fd49507a5ff1907ff38511e510a3e6098102b9e8711cd84d7344a703a
  languageName: node
  linkType: hard

"safe-buffer@npm:5.1.2":
  version: 5.1.2
  resolution: "safe-buffer@npm:5.1.2"
  checksum: 10c0/780ba6b5d99cc9a40f7b951d47152297d0e260f0df01472a1b99d4889679a4b94a13d644f7dbc4f022572f09ae9005fa2fbb93bbbd83643316f365a3e9a45b21
  languageName: node
  linkType: hard

"safer-buffer@npm:>= 2.1.2 < 3":
  version: 2.1.2
  resolution: "safer-buffer@npm:2.1.2"
  checksum: 10c0/7e3c8b2e88a1841c9671094bbaeebd94448111dd90a81a1f606f3f67708a6ec57763b3b47f06da09fc6054193e0e6709e77325415dc8422b04497a8070fa02d4
  languageName: node
  linkType: hard

"send@npm:0.17.1":
  version: 0.17.1
  resolution: "send@npm:0.17.1"
  dependencies:
    debug: "npm:2.6.9"
    depd: "npm:~1.1.2"
    destroy: "npm:~1.0.4"
    encodeurl: "npm:~1.0.2"
    escape-html: "npm:~1.0.3"
    etag: "npm:~1.8.1"
    fresh: "npm:0.5.2"
    http-errors: "npm:~1.7.2"
    mime: "npm:1.6.0"
    ms: "npm:2.1.1"
    on-finished: "npm:~2.3.0"
    range-parser: "npm:~1.2.1"
    statuses: "npm:~1.5.0"
  checksum: 10c0/712e27d5d4f38d6097a649bbe8846a30a6f9d1995e78e1c133a7a351ec26508b0d8fb707dadb6e003f3753d3f9310667e04633522883b81300abd9978b28afd2
  languageName: node
  linkType: hard

"serve-static@npm:1.14.1":
  version: 1.14.1
  resolution: "serve-static@npm:1.14.1"
  dependencies:
    encodeurl: "npm:~1.0.2"
    escape-html: "npm:~1.0.3"
    parseurl: "npm:~1.3.3"
    send: "npm:0.17.1"
  checksum: 10c0/f4ebc459bff763ae372e4148c2af13e2b813033f384cb2bc4e1c129c722fa14bfaf6e85f41c95363d49f97de7244e7961c929b2f942ddbd4c520c9610322dae5
  languageName: node
  linkType: hard

"setprototypeof@npm:1.1.1":
  version: 1.1.1
  resolution: "setprototypeof@npm:1.1.1"
  checksum: 10c0/1084b783f2d77908b0a593619e1214c2118c44c7c3277f6099dd7ca8acfc056c009e5d1b2860eae5e8b0ba9bc0a978c15613ff102ccc1093bb48aa6e0ed75e2f
  languageName: node
  linkType: hard

"sift@npm:16.0.1":
  version: 16.0.1
  resolution: "sift@npm:16.0.1"
  checksum: 10c0/e3d1a68babf240c2b244687a12a32fa43439e8ec0b1bfa2a93bd0e21c50ed3364f935361a42f3fb850dc1c0fd369bc99bc0a6d15456141717ea29c60d9612289
  languageName: node
  linkType: hard

"sparse-bitfield@npm:^3.0.3":
  version: 3.0.3
  resolution: "sparse-bitfield@npm:3.0.3"
  dependencies:
    memory-pager: "npm:^1.0.2"
  checksum: 10c0/248c6ff7b5e354735e1daac4059222a29c9d291dfcf265daf675d13515eeaac454cfcccd687c8d134f86698b39abd7ad4d7434f7272dd6f8e41a00f21aae4194
  languageName: node
  linkType: hard

"statuses@npm:>= 1.5.0 < 2, statuses@npm:~1.5.0":
  version: 1.5.0
  resolution: "statuses@npm:1.5.0"
  checksum: 10c0/e433900956357b3efd79b1c547da4d291799ac836960c016d10a98f6a810b1b5c0dcc13b5a7aa609a58239b5190e1ea176ad9221c2157d2fd1c747393e6b2940
  languageName: node
  linkType: hard

"toidentifier@npm:1.0.0":
  version: 1.0.0
  resolution: "toidentifier@npm:1.0.0"
  checksum: 10c0/27a37b8b21126e7216d40c02f410065b1de35b0f844368d0ccaabba7987595703006d45e5c094b086220cbbc5864d4b99766b460110e4bc15b9db574c5c58be2
  languageName: node
  linkType: hard

"tr46@npm:^4.1.1":
  version: 4.1.1
  resolution: "tr46@npm:4.1.1"
  dependencies:
    punycode: "npm:^2.3.0"
  checksum: 10c0/92085dcf186f56a49ba4124a581d9ae6a5d0cd4878107c34e2e670b9ddc49da85e4950084bb3e75015195cc23f37ae1c02d45064e94dd6018f5e789aa51d93a8
  languageName: node
  linkType: hard

"track-suite@workspace:.":
  version: 0.0.0-use.local
  resolution: "track-suite@workspace:."
  dependencies:
    body-parser: "npm:1.19.0"
    cors: "npm:2.8.5"
    express: "npm:4.17.1"
    express-rate-limit: "npm:5.1.3"
    mongoose: "npm:8.1.1"
  languageName: unknown
  linkType: soft

"type-is@npm:~1.6.17, type-is@npm:~1.6.18":
  version: 1.6.18
  resolution: "type-is@npm:1.6.18"
  dependencies:
    media-typer: "npm:0.3.0"
    mime-types: "npm:~2.1.24"
  checksum: 10c0/a23daeb538591b7efbd61ecf06b6feb2501b683ffdc9a19c74ef5baba362b4347e42f1b4ed81f5882a8c96a3bfff7f93ce3ffaf0cbbc879b532b04c97a55db9d
  languageName: node
  linkType: hard

"unpipe@npm:1.0.0, unpipe@npm:~1.0.0":
  version: 1.0.0
  resolution: "unpipe@npm:1.0.0"
  checksum: 10c0/193400255bd48968e5c5383730344fbb4fa114cdedfab26e329e50dd2d81b134244bb8a72c6ac1b10ab0281a58b363d06405632c9d49ca9dfd5e90cbd7d0f32c
  languageName: node
  linkType: hard

"utils-merge@npm:1.0.1":
  version: 1.0.1
  resolution: "utils-merge@npm:1.0.1"
  checksum: 10c0/02ba649de1b7ca8854bfe20a82f1dfbdda3fb57a22ab4a8972a63a34553cf7aa51bc9081cf7e001b035b88186d23689d69e71b510e610a09a4c66f68aa95b672
  languageName: node
  linkType: hard

"vary@npm:^1, vary@npm:~1.1.2":
  version: 1.1.2
  resolution: "vary@npm:1.1.2"
  checksum: 10c0/f15d588d79f3675135ba783c91a4083dcd290a2a5be9fcb6514220a1634e23df116847b1cc51f66bfb0644cf9353b2abb7815ae499bab06e46dd33c1a6bf1f4f
  languageName: node
  linkType: hard

"webidl-conversions@npm:^7.0.0":
  version: 7.0.0
  resolution: "webidl-conversions@npm:7.0.0"
  checksum: 10c0/228d8cb6d270c23b0720cb2d95c579202db3aaf8f633b4e9dd94ec2000a04e7e6e43b76a94509cdb30479bd00ae253ab2371a2da9f81446cc313f89a4213a2c4
  languageName: node
  linkType: hard

"whatwg-url@npm:^13.0.0":
  version: 13.0.0
  resolution: "whatwg-url@npm:13.0.0"
  dependencies:
    tr46: "npm:^4.1.1"
    webidl-conversions: "npm:^7.0.0"
  checksum: 10c0/06b0c1808bb80eaab6582087bd8be594a1947843cbb0ce1a90635841a549a5849dff5be2b28f5b1b596ef70ea4c3df5c599d35b160899d12343334149851e688
  languageName: node
  linkType: hard
